// !$*UTF8*$!
{
	archiveVersion = 1;
	classes = {
	};
	objectVersion = 56;
	objects = {

/* Begin PBXBuildFile section */
		EFC8FA812C01BF9600178594 /* AppDelegate.swift in Sources */ = {isa = PBXBuildFile; fileRef = EFC8FA802C01BF9600178594 /* AppDelegate.swift */; };
		EFC8FA832C01BF9600178594 /* SceneDelegate.swift in Sources */ = {isa = PBXBuildFile; fileRef = EFC8FA822C01BF9600178594 /* SceneDelegate.swift */; };
		EFC8FA852C01BF9600178594 /* ViewController.swift in Sources */ = {isa = PBXBuildFile; fileRef = EFC8FA842C01BF9600178594 /* ViewController.swift */; };
		EFC8FA882C01BF9600178594 /* Base in Resources */ = {isa = PBXBuildFile; fileRef = EFC8FA872C01BF9600178594 /* Base */; };
		EFC8FA8A2C01BF9700178594 /* Assets.xcassets in Resources */ = {isa = PBXBuildFile; fileRef = EFC8FA892C01BF9700178594 /* Assets.xcassets */; };
		EFC8FA8D2C01BF9700178594 /* Base in Resources */ = {isa = PBXBuildFile; fileRef = EFC8FA8C2C01BF9700178594 /* Base */; };
		EFC8FA952C01C3F500178594 /* TravelTableViewController.swift in Sources */ = {isa = PBXBuildFile; fileRef = EFC8FA942C01C3F500178594 /* TravelTableViewController.swift */; };
		EFC8FA972C01C40700178594 /* TravelTableViewCell.swift in Sources */ = {isa = PBXBuildFile; fileRef = EFC8FA962C01C40700178594 /* TravelTableViewCell.swift */; };
		EFC8FA992C01CC9C00178594 /* MagazineInfo.swift in Sources */ = {isa = PBXBuildFile; fileRef = EFC8FA982C01CC9C00178594 /* MagazineInfo.swift */; };
		EFC8FA9C2C01D34300178594 /* Kingfisher in Frameworks */ = {isa = PBXBuildFile; productRef = EFC8FA9B2C01D34300178594 /* Kingfisher */; };
		EFC8FA9E2C02ED6100178594 /* RestaurantTableViewCell.swift in Sources */ = {isa = PBXBuildFile; fileRef = EFC8FA9D2C02ED6100178594 /* RestaurantTableViewCell.swift */; };
		EFC8FAA02C02ED7A00178594 /* RestaurantTableViewController.swift in Sources */ = {isa = PBXBuildFile; fileRef = EFC8FA9F2C02ED7A00178594 /* RestaurantTableViewController.swift */; };
		EFC8FAA22C0377A900178594 /* Restaurant.swift in Sources */ = {isa = PBXBuildFile; fileRef = EFC8FAA12C0377A800178594 /* Restaurant.swift */; };
		EFC8FABD2C04699800178594 /* TravelModel.swift in Sources */ = {isa = PBXBuildFile; fileRef = EFC8FABC2C04699800178594 /* TravelModel.swift */; };
		EFC8FAC22C04853600178594 /* CityViewController.swift in Sources */ = {isa = PBXBuildFile; fileRef = EFC8FAC12C04853600178594 /* CityViewController.swift */; };
		EFC8FAC52C0486BD00178594 /* CityTableViewCell.swift in Sources */ = {isa = PBXBuildFile; fileRef = EFC8FAC32C0486BD00178594 /* CityTableViewCell.swift */; };
		EFC8FAC62C0486BD00178594 /* CityTableViewCell.xib in Resources */ = {isa = PBXBuildFile; fileRef = EFC8FAC42C0486BD00178594 /* CityTableViewCell.xib */; };
		EFC8FAC92C04998F00178594 /* Cosmos in Frameworks */ = {isa = PBXBuildFile; productRef = EFC8FAC82C04998F00178594 /* Cosmos */; };
		EFC8FACC2C04C28D00178594 /* AdTableViewCell.swift in Sources */ = {isa = PBXBuildFile; fileRef = EFC8FACA2C04C28D00178594 /* AdTableViewCell.swift */; };
		EFC8FACD2C04C28D00178594 /* AdTableViewCell.xib in Resources */ = {isa = PBXBuildFile; fileRef = EFC8FACB2C04C28D00178594 /* AdTableViewCell.xib */; };
		EFC8FACF2C04C82200178594 /* UILabel+Extension.swift in Sources */ = {isa = PBXBuildFile; fileRef = EFC8FACE2C04C82200178594 /* UILabel+Extension.swift */; };
		EFC8FAD52C04EAA600178594 /* UIView+Extension.swift in Sources */ = {isa = PBXBuildFile; fileRef = EFC8FAD42C04EAA600178594 /* UIView+Extension.swift */; };
/* End PBXBuildFile section */

/* Begin PBXFileReference section */
		EFC8FA7D2C01BF9600178594 /* MagazineProject.app */ = {isa = PBXFileReference; explicitFileType = wrapper.application; includeInIndex = 0; path = MagazineProject.app; sourceTree = BUILT_PRODUCTS_DIR; };
		EFC8FA802C01BF9600178594 /* AppDelegate.swift */ = {isa = PBXFileReference; lastKnownFileType = sourcecode.swift; path = AppDelegate.swift; sourceTree = "<group>"; };
		EFC8FA822C01BF9600178594 /* SceneDelegate.swift */ = {isa = PBXFileReference; lastKnownFileType = sourcecode.swift; path = SceneDelegate.swift; sourceTree = "<group>"; };
		EFC8FA842C01BF9600178594 /* ViewController.swift */ = {isa = PBXFileReference; lastKnownFileType = sourcecode.swift; path = ViewController.swift; sourceTree = "<group>"; };
		EFC8FA872C01BF9600178594 /* Base */ = {isa = PBXFileReference; lastKnownFileType = file.storyboard; name = Base; path = Base.lproj/Main.storyboard; sourceTree = "<group>"; };
		EFC8FA892C01BF9700178594 /* Assets.xcassets */ = {isa = PBXFileReference; lastKnownFileType = folder.assetcatalog; path = Assets.xcassets; sourceTree = "<group>"; };
		EFC8FA8C2C01BF9700178594 /* Base */ = {isa = PBXFileReference; lastKnownFileType = file.storyboard; name = Base; path = Base.lproj/LaunchScreen.storyboard; sourceTree = "<group>"; };
		EFC8FA8E2C01BF9700178594 /* Info.plist */ = {isa = PBXFileReference; lastKnownFileType = text.plist.xml; path = Info.plist; sourceTree = "<group>"; };
		EFC8FA942C01C3F500178594 /* TravelTableViewController.swift */ = {isa = PBXFileReference; lastKnownFileType = sourcecode.swift; path = TravelTableViewController.swift; sourceTree = "<group>"; };
		EFC8FA962C01C40700178594 /* TravelTableViewCell.swift */ = {isa = PBXFileReference; lastKnownFileType = sourcecode.swift; path = TravelTableViewCell.swift; sourceTree = "<group>"; };
		EFC8FA982C01CC9C00178594 /* MagazineInfo.swift */ = {isa = PBXFileReference; fileEncoding = 4; lastKnownFileType = sourcecode.swift; path = MagazineInfo.swift; sourceTree = "<group>"; };
		EFC8FA9D2C02ED6100178594 /* RestaurantTableViewCell.swift */ = {isa = PBXFileReference; lastKnownFileType = sourcecode.swift; path = RestaurantTableViewCell.swift; sourceTree = "<group>"; };
		EFC8FA9F2C02ED7A00178594 /* RestaurantTableViewController.swift */ = {isa = PBXFileReference; lastKnownFileType = sourcecode.swift; path = RestaurantTableViewController.swift; sourceTree = "<group>"; };
		EFC8FAA12C0377A800178594 /* Restaurant.swift */ = {isa = PBXFileReference; fileEncoding = 4; lastKnownFileType = sourcecode.swift; path = Restaurant.swift; sourceTree = "<group>"; };
		EFC8FABC2C04699800178594 /* TravelModel.swift */ = {isa = PBXFileReference; fileEncoding = 4; lastKnownFileType = sourcecode.swift; path = TravelModel.swift; sourceTree = "<group>"; };
		EFC8FAC12C04853600178594 /* CityViewController.swift */ = {isa = PBXFileReference; lastKnownFileType = sourcecode.swift; path = CityViewController.swift; sourceTree = "<group>"; };
		EFC8FAC32C0486BD00178594 /* CityTableViewCell.swift */ = {isa = PBXFileReference; lastKnownFileType = sourcecode.swift; path = CityTableViewCell.swift; sourceTree = "<group>"; };
		EFC8FAC42C0486BD00178594 /* CityTableViewCell.xib */ = {isa = PBXFileReference; lastKnownFileType = file.xib; path = CityTableViewCell.xib; sourceTree = "<group>"; };
		EFC8FACA2C04C28D00178594 /* AdTableViewCell.swift */ = {isa = PBXFileReference; lastKnownFileType = sourcecode.swift; path = AdTableViewCell.swift; sourceTree = "<group>"; };
		EFC8FACB2C04C28D00178594 /* AdTableViewCell.xib */ = {isa = PBXFileReference; lastKnownFileType = file.xib; path = AdTableViewCell.xib; sourceTree = "<group>"; };
		EFC8FACE2C04C82200178594 /* UILabel+Extension.swift */ = {isa = PBXFileReference; lastKnownFileType = sourcecode.swift; path = "UILabel+Extension.swift"; sourceTree = "<group>"; };
		EFC8FAD42C04EAA600178594 /* UIView+Extension.swift */ = {isa = PBXFileReference; lastKnownFileType = sourcecode.swift; path = "UIView+Extension.swift"; sourceTree = "<group>"; };
/* End PBXFileReference section */

/* Begin PBXFrameworksBuildPhase section */
		EFC8FA7A2C01BF9600178594 /* Frameworks */ = {
			isa = PBXFrameworksBuildPhase;
			buildActionMask = 2147483647;
			files = (
				EFC8FAC92C04998F00178594 /* Cosmos in Frameworks */,
				EFC8FA9C2C01D34300178594 /* Kingfisher in Frameworks */,
			);
			runOnlyForDeploymentPostprocessing = 0;
		};
/* End PBXFrameworksBuildPhase section */

/* Begin PBXGroup section */
		EFC8FA742C01BF9600178594 = {
			isa = PBXGroup;
			children = (
				EFC8FA7F2C01BF9600178594 /* MagazineProject */,
				EFC8FA7E2C01BF9600178594 /* Products */,
			);
			sourceTree = "<group>";
		};
		EFC8FA7E2C01BF9600178594 /* Products */ = {
			isa = PBXGroup;
			children = (
				EFC8FA7D2C01BF9600178594 /* MagazineProject.app */,
			);
			name = Products;
			sourceTree = "<group>";
		};
		EFC8FA7F2C01BF9600178594 /* MagazineProject */ = {
			isa = PBXGroup;
			children = (
				EFC8FA802C01BF9600178594 /* AppDelegate.swift */,
				EFC8FA822C01BF9600178594 /* SceneDelegate.swift */,
				EFC8FA842C01BF9600178594 /* ViewController.swift */,
				EFC8FA8B2C01BF9700178594 /* LaunchScreen.storyboard */,
				EFC8FA862C01BF9600178594 /* Main.storyboard */,
				EFC8FAD12C04D64F00178594 /* Travel */,
				EFC8FAD02C04D61600178594 /* Restaurant */,
				EFC8FAC12C04853600178594 /* CityViewController.swift */,
				EFC8FAC32C0486BD00178594 /* CityTableViewCell.swift */,
				EFC8FAC42C0486BD00178594 /* CityTableViewCell.xib */,
				EFC8FACA2C04C28D00178594 /* AdTableViewCell.swift */,
				EFC8FACB2C04C28D00178594 /* AdTableViewCell.xib */,
				EFC8FACE2C04C82200178594 /* UILabel+Extension.swift */,
				EFC8FAD42C04EAA600178594 /* UIView+Extension.swift */,
				EFC8FABC2C04699800178594 /* TravelModel.swift */,
				EFC8FA892C01BF9700178594 /* Assets.xcassets */,
				EFC8FA8E2C01BF9700178594 /* Info.plist */,
			);
			path = MagazineProject;
			sourceTree = "<group>";
		};
		EFC8FAD02C04D61600178594 /* Restaurant */ = {
			isa = PBXGroup;
			children = (
				EFC8FA9D2C02ED6100178594 /* RestaurantTableViewCell.swift */,
				EFC8FA9F2C02ED7A00178594 /* RestaurantTableViewController.swift */,
				EFC8FAA12C0377A800178594 /* Restaurant.swift */,
			);
			path = Restaurant;
			sourceTree = "<group>";
		};
		EFC8FAD12C04D64F00178594 /* Travel */ = {
			isa = PBXGroup;
			children = (
				EFC8FA982C01CC9C00178594 /* MagazineInfo.swift */,
				EFC8FA962C01C40700178594 /* TravelTableViewCell.swift */,
				EFC8FA942C01C3F500178594 /* TravelTableViewController.swift */,
			);
			path = Travel;
			sourceTree = "<group>";
		};
/* End PBXGroup section */

/* Begin PBXNativeTarget section */
		EFC8FA7C2C01BF9600178594 /* MagazineProject */ = {
			isa = PBXNativeTarget;
			buildConfigurationList = EFC8FA912C01BF9700178594 /* Build configuration list for PBXNativeTarget "MagazineProject" */;
			buildPhases = (
				EFC8FA792C01BF9600178594 /* Sources */,
				EFC8FA7A2C01BF9600178594 /* Frameworks */,
				EFC8FA7B2C01BF9600178594 /* Resources */,
			);
			buildRules = (
			);
			dependencies = (
			);
			name = MagazineProject;
			packageProductDependencies = (
				EFC8FA9B2C01D34300178594 /* Kingfisher */,
				EFC8FAC82C04998F00178594 /* Cosmos */,
			);
			productName = MagazineProject;
			productReference = EFC8FA7D2C01BF9600178594 /* MagazineProject.app */;
			productType = "com.apple.product-type.application";
		};
/* End PBXNativeTarget section */

/* Begin PBXProject section */
		EFC8FA752C01BF9600178594 /* Project object */ = {
			isa = PBXProject;
			attributes = {
				BuildIndependentTargetsInParallel = 1;
				LastSwiftUpdateCheck = 1530;
				LastUpgradeCheck = 1530;
				TargetAttributes = {
					EFC8FA7C2C01BF9600178594 = {
						CreatedOnToolsVersion = 15.3;
					};
				};
			};
			buildConfigurationList = EFC8FA782C01BF9600178594 /* Build configuration list for PBXProject "MagazineProject" */;
			compatibilityVersion = "Xcode 14.0";
			developmentRegion = en;
			hasScannedForEncodings = 0;
			knownRegions = (
				en,
				Base,
			);
			mainGroup = EFC8FA742C01BF9600178594;
			packageReferences = (
				EFC8FA9A2C01D34300178594 /* XCRemoteSwiftPackageReference "Kingfisher" */,
				EFC8FAC72C04998F00178594 /* XCRemoteSwiftPackageReference "Cosmos" */,
			);
			productRefGroup = EFC8FA7E2C01BF9600178594 /* Products */;
			projectDirPath = "";
			projectRoot = "";
			targets = (
				EFC8FA7C2C01BF9600178594 /* MagazineProject */,
			);
		};
/* End PBXProject section */

/* Begin PBXResourcesBuildPhase section */
		EFC8FA7B2C01BF9600178594 /* Resources */ = {
			isa = PBXResourcesBuildPhase;
			buildActionMask = 2147483647;
			files = (
				EFC8FA8A2C01BF9700178594 /* Assets.xcassets in Resources */,
				EFC8FACD2C04C28D00178594 /* AdTableViewCell.xib in Resources */,
				EFC8FA8D2C01BF9700178594 /* Base in Resources */,
				EFC8FAC62C0486BD00178594 /* CityTableViewCell.xib in Resources */,
				EFC8FA882C01BF9600178594 /* Base in Resources */,
			);
			runOnlyForDeploymentPostprocessing = 0;
		};
/* End PBXResourcesBuildPhase section */

/* Begin PBXSourcesBuildPhase section */
		EFC8FA792C01BF9600178594 /* Sources */ = {
			isa = PBXSourcesBuildPhase;
			buildActionMask = 2147483647;
			files = (
				EFC8FA852C01BF9600178594 /* ViewController.swift in Sources */,
				EFC8FA812C01BF9600178594 /* AppDelegate.swift in Sources */,
				EFC8FACC2C04C28D00178594 /* AdTableViewCell.swift in Sources */,
				EFC8FAD52C04EAA600178594 /* UIView+Extension.swift in Sources */,
				EFC8FA832C01BF9600178594 /* SceneDelegate.swift in Sources */,
				EFC8FA972C01C40700178594 /* TravelTableViewCell.swift in Sources */,
				EFC8FA952C01C3F500178594 /* TravelTableViewController.swift in Sources */,
				EFC8FAC22C04853600178594 /* CityViewController.swift in Sources */,
				EFC8FAC52C0486BD00178594 /* CityTableViewCell.swift in Sources */,
				EFC8FA9E2C02ED6100178594 /* RestaurantTableViewCell.swift in Sources */,
				EFC8FABD2C04699800178594 /* TravelModel.swift in Sources */,
				EFC8FACF2C04C82200178594 /* UILabel+Extension.swift in Sources */,
				EFC8FAA02C02ED7A00178594 /* RestaurantTableViewController.swift in Sources */,
				EFC8FA992C01CC9C00178594 /* MagazineInfo.swift in Sources */,
				EFC8FAA22C0377A900178594 /* Restaurant.swift in Sources */,
			);
			runOnlyForDeploymentPostprocessing = 0;
		};
/* End PBXSourcesBuildPhase section */

/* Begin PBXVariantGroup section */
		EFC8FA862C01BF9600178594 /* Main.storyboard */ = {
			isa = PBXVariantGroup;
			children = (
				EFC8FA872C01BF9600178594 /* Base */,
			);
			name = Main.storyboard;
			sourceTree = "<group>";
		};
		EFC8FA8B2C01BF9700178594 /* LaunchScreen.storyboard */ = {
			isa = PBXVariantGroup;
			children = (
				EFC8FA8C2C01BF9700178594 /* Base */,
			);
			name = LaunchScreen.storyboard;
			sourceTree = "<group>";
		};
/* End PBXVariantGroup section */

/* Begin XCBuildConfiguration section */
		EFC8FA8F2C01BF9700178594 /* Debug */ = {
			isa = XCBuildConfiguration;
			buildSettings = {
				ALWAYS_SEARCH_USER_PATHS = NO;
				ASSETCATALOG_COMPILER_GENERATE_SWIFT_ASSET_SYMBOL_EXTENSIONS = YES;
				CLANG_ANALYZER_NONNULL = YES;
				CLANG_ANALYZER_NUMBER_OBJECT_CONVERSION = YES_AGGRESSIVE;
				CLANG_CXX_LANGUAGE_STANDARD = "gnu++20";
				CLANG_ENABLE_MODULES = YES;
				CLANG_ENABLE_OBJC_ARC = YES;
				CLANG_ENABLE_OBJC_WEAK = YES;
				CLANG_WARN_BLOCK_CAPTURE_AUTORELEASING = YES;
				CLANG_WARN_BOOL_CONVERSION = YES;
				CLANG_WARN_COMMA = YES;
				CLANG_WARN_CONSTANT_CONVERSION = YES;
				CLANG_WARN_DEPRECATED_OBJC_IMPLEMENTATIONS = YES;
				CLANG_WARN_DIRECT_OBJC_ISA_USAGE = YES_ERROR;
				CLANG_WARN_DOCUMENTATION_COMMENTS = YES;
				CLANG_WARN_EMPTY_BODY = YES;
				CLANG_WARN_ENUM_CONVERSION = YES;
				CLANG_WARN_INFINITE_RECURSION = YES;
				CLANG_WARN_INT_CONVERSION = YES;
				CLANG_WARN_NON_LITERAL_NULL_CONVERSION = YES;
				CLANG_WARN_OBJC_IMPLICIT_RETAIN_SELF = YES;
				CLANG_WARN_OBJC_LITERAL_CONVERSION = YES;
				CLANG_WARN_OBJC_ROOT_CLASS = YES_ERROR;
				CLANG_WARN_QUOTED_INCLUDE_IN_FRAMEWORK_HEADER = YES;
				CLANG_WARN_RANGE_LOOP_ANALYSIS = YES;
				CLANG_WARN_STRICT_PROTOTYPES = YES;
				CLANG_WARN_SUSPICIOUS_MOVE = YES;
				CLANG_WARN_UNGUARDED_AVAILABILITY = YES_AGGRESSIVE;
				CLANG_WARN_UNREACHABLE_CODE = YES;
				CLANG_WARN__DUPLICATE_METHOD_MATCH = YES;
				COPY_PHASE_STRIP = NO;
				DEBUG_INFORMATION_FORMAT = dwarf;
				ENABLE_STRICT_OBJC_MSGSEND = YES;
				ENABLE_TESTABILITY = YES;
				ENABLE_USER_SCRIPT_SANDBOXING = YES;
				GCC_C_LANGUAGE_STANDARD = gnu17;
				GCC_DYNAMIC_NO_PIC = NO;
				GCC_NO_COMMON_BLOCKS = YES;
				GCC_OPTIMIZATION_LEVEL = 0;
				GCC_PREPROCESSOR_DEFINITIONS = (
					"DEBUG=1",
					"$(inherited)",
				);
				GCC_WARN_64_TO_32_BIT_CONVERSION = YES;
				GCC_WARN_ABOUT_RETURN_TYPE = YES_ERROR;
				GCC_WARN_UNDECLARED_SELECTOR = YES;
				GCC_WARN_UNINITIALIZED_AUTOS = YES_AGGRESSIVE;
				GCC_WARN_UNUSED_FUNCTION = YES;
				GCC_WARN_UNUSED_VARIABLE = YES;
				IPHONEOS_DEPLOYMENT_TARGET = 17.4;
				LOCALIZATION_PREFERS_STRING_CATALOGS = YES;
				MTL_ENABLE_DEBUG_INFO = INCLUDE_SOURCE;
				MTL_FAST_MATH = YES;
				ONLY_ACTIVE_ARCH = YES;
				SDKROOT = iphoneos;
				SWIFT_ACTIVE_COMPILATION_CONDITIONS = "DEBUG $(inherited)";
				SWIFT_OPTIMIZATION_LEVEL = "-Onone";
			};
			name = Debug;
		};
		EFC8FA902C01BF9700178594 /* Release */ = {
			isa = XCBuildConfiguration;
			buildSettings = {
				ALWAYS_SEARCH_USER_PATHS = NO;
				ASSETCATALOG_COMPILER_GENERATE_SWIFT_ASSET_SYMBOL_EXTENSIONS = YES;
				CLANG_ANALYZER_NONNULL = YES;
				CLANG_ANALYZER_NUMBER_OBJECT_CONVERSION = YES_AGGRESSIVE;
				CLANG_CXX_LANGUAGE_STANDARD = "gnu++20";
				CLANG_ENABLE_MODULES = YES;
				CLANG_ENABLE_OBJC_ARC = YES;
				CLANG_ENABLE_OBJC_WEAK = YES;
				CLANG_WARN_BLOCK_CAPTURE_AUTORELEASING = YES;
				CLANG_WARN_BOOL_CONVERSION = YES;
				CLANG_WARN_COMMA = YES;
				CLANG_WARN_CONSTANT_CONVERSION = YES;
				CLANG_WARN_DEPRECATED_OBJC_IMPLEMENTATIONS = YES;
				CLANG_WARN_DIRECT_OBJC_ISA_USAGE = YES_ERROR;
				CLANG_WARN_DOCUMENTATION_COMMENTS = YES;
				CLANG_WARN_EMPTY_BODY = YES;
				CLANG_WARN_ENUM_CONVERSION = YES;
				CLANG_WARN_INFINITE_RECURSION = YES;
				CLANG_WARN_INT_CONVERSION = YES;
				CLANG_WARN_NON_LITERAL_NULL_CONVERSION = YES;
				CLANG_WARN_OBJC_IMPLICIT_RETAIN_SELF = YES;
				CLANG_WARN_OBJC_LITERAL_CONVERSION = YES;
				CLANG_WARN_OBJC_ROOT_CLASS = YES_ERROR;
				CLANG_WARN_QUOTED_INCLUDE_IN_FRAMEWORK_HEADER = YES;
				CLANG_WARN_RANGE_LOOP_ANALYSIS = YES;
				CLANG_WARN_STRICT_PROTOTYPES = YES;
				CLANG_WARN_SUSPICIOUS_MOVE = YES;
				CLANG_WARN_UNGUARDED_AVAILABILITY = YES_AGGRESSIVE;
				CLANG_WARN_UNREACHABLE_CODE = YES;
				CLANG_WARN__DUPLICATE_METHOD_MATCH = YES;
				COPY_PHASE_STRIP = NO;
				DEBUG_INFORMATION_FORMAT = "dwarf-with-dsym";
				ENABLE_NS_ASSERTIONS = NO;
				ENABLE_STRICT_OBJC_MSGSEND = YES;
				ENABLE_USER_SCRIPT_SANDBOXING = YES;
				GCC_C_LANGUAGE_STANDARD = gnu17;
				GCC_NO_COMMON_BLOCKS = YES;
				GCC_WARN_64_TO_32_BIT_CONVERSION = YES;
				GCC_WARN_ABOUT_RETURN_TYPE = YES_ERROR;
				GCC_WARN_UNDECLARED_SELECTOR = YES;
				GCC_WARN_UNINITIALIZED_AUTOS = YES_AGGRESSIVE;
				GCC_WARN_UNUSED_FUNCTION = YES;
				GCC_WARN_UNUSED_VARIABLE = YES;
				IPHONEOS_DEPLOYMENT_TARGET = 17.4;
				LOCALIZATION_PREFERS_STRING_CATALOGS = YES;
				MTL_ENABLE_DEBUG_INFO = NO;
				MTL_FAST_MATH = YES;
				SDKROOT = iphoneos;
				SWIFT_COMPILATION_MODE = wholemodule;
				VALIDATE_PRODUCT = YES;
			};
			name = Release;
		};
		EFC8FA922C01BF9700178594 /* Debug */ = {
			isa = XCBuildConfiguration;
			buildSettings = {
				ASSETCATALOG_COMPILER_APPICON_NAME = AppIcon;
				ASSETCATALOG_COMPILER_GLOBAL_ACCENT_COLOR_NAME = AccentColor;
				CODE_SIGN_STYLE = Automatic;
				CURRENT_PROJECT_VERSION = 1;
				GENERATE_INFOPLIST_FILE = YES;
				INFOPLIST_FILE = MagazineProject/Info.plist;
				INFOPLIST_KEY_UIApplicationSupportsIndirectInputEvents = YES;
				INFOPLIST_KEY_UILaunchStoryboardName = LaunchScreen;
				INFOPLIST_KEY_UIMainStoryboardFile = Main;
				INFOPLIST_KEY_UISupportedInterfaceOrientations = UIInterfaceOrientationPortrait;
				INFOPLIST_KEY_UISupportedInterfaceOrientations_iPad = "UIInterfaceOrientationLandscapeLeft UIInterfaceOrientationLandscapeRight UIInterfaceOrientationPortrait UIInterfaceOrientationPortraitUpsideDown";
				IPHONEOS_DEPLOYMENT_TARGET = 16.0;
				LD_RUNPATH_SEARCH_PATHS = (
					"$(inherited)",
					"@executable_path/Frameworks",
				);
				MARKETING_VERSION = 1.0;
				PRODUCT_BUNDLE_IDENTIFIER = com.seunghye.MagazineProject;
				PRODUCT_NAME = "$(TARGET_NAME)";
				SUPPORTED_PLATFORMS = "iphoneos iphonesimulator";
				SUPPORTS_MACCATALYST = NO;
				SUPPORTS_MAC_DESIGNED_FOR_IPHONE_IPAD = NO;
				SUPPORTS_XR_DESIGNED_FOR_IPHONE_IPAD = NO;
				SWIFT_EMIT_LOC_STRINGS = YES;
				SWIFT_VERSION = 5.0;
				TARGETED_DEVICE_FAMILY = 1;
			};
			name = Debug;
		};
		EFC8FA932C01BF9700178594 /* Release */ = {
			isa = XCBuildConfiguration;
			buildSettings = {
				ASSETCATALOG_COMPILER_APPICON_NAME = AppIcon;
				ASSETCATALOG_COMPILER_GLOBAL_ACCENT_COLOR_NAME = AccentColor;
				CODE_SIGN_STYLE = Automatic;
				CURRENT_PROJECT_VERSION = 1;
				GENERATE_INFOPLIST_FILE = YES;
				INFOPLIST_FILE = MagazineProject/Info.plist;
				INFOPLIST_KEY_UIApplicationSupportsIndirectInputEvents = YES;
				INFOPLIST_KEY_UILaunchStoryboardName = LaunchScreen;
				INFOPLIST_KEY_UIMainStoryboardFile = Main;
				INFOPLIST_KEY_UISupportedInterfaceOrientations = UIInterfaceOrientationPortrait;
				INFOPLIST_KEY_UISupportedInterfaceOrientations_iPad = "UIInterfaceOrientationLandscapeLeft UIInterfaceOrientationLandscapeRight UIInterfaceOrientationPortrait UIInterfaceOrientationPortraitUpsideDown";
				IPHONEOS_DEPLOYMENT_TARGET = 16.0;
				LD_RUNPATH_SEARCH_PATHS = (
					"$(inherited)",
					"@executable_path/Frameworks",
				);
				MARKETING_VERSION = 1.0;
				PRODUCT_BUNDLE_IDENTIFIER = com.seunghye.MagazineProject;
				PRODUCT_NAME = "$(TARGET_NAME)";
				SUPPORTED_PLATFORMS = "iphoneos iphonesimulator";
				SUPPORTS_MACCATALYST = NO;
				SUPPORTS_MAC_DESIGNED_FOR_IPHONE_IPAD = NO;
				SUPPORTS_XR_DESIGNED_FOR_IPHONE_IPAD = NO;
				SWIFT_EMIT_LOC_STRINGS = YES;
				SWIFT_VERSION = 5.0;
				TARGETED_DEVICE_FAMILY = 1;
			};
			name = Release;
		};
/* End XCBuildConfiguration section */

/* Begin XCConfigurationList section */
		EFC8FA782C01BF9600178594 /* Build configuration list for PBXProject "MagazineProject" */ = {
			isa = XCConfigurationList;
			buildConfigurations = (
				EFC8FA8F2C01BF9700178594 /* Debug */,
				EFC8FA902C01BF9700178594 /* Release */,
			);
			defaultConfigurationIsVisible = 0;
			defaultConfigurationName = Release;
		};
		EFC8FA912C01BF9700178594 /* Build configuration list for PBXNativeTarget "MagazineProject" */ = {
			isa = XCConfigurationList;
			buildConfigurations = (
				EFC8FA922C01BF9700178594 /* Debug */,
				EFC8FA932C01BF9700178594 /* Release */,
			);
			defaultConfigurationIsVisible = 0;
			defaultConfigurationName = Release;
		};
/* End XCConfigurationList section */

/* Begin XCRemoteSwiftPackageReference section */
		EFC8FA9A2C01D34300178594 /* XCRemoteSwiftPackageReference "Kingfisher" */ = {
			isa = XCRemoteSwiftPackageReference;
			repositoryURL = "https://github.com/onevcat/Kingfisher.git";
			requirement = {
				kind = upToNextMajorVersion;
				minimumVersion = 7.11.0;
			};
		};
		EFC8FAC72C04998F00178594 /* XCRemoteSwiftPackageReference "Cosmos" */ = {
			isa = XCRemoteSwiftPackageReference;
			repositoryURL = "https://github.com/evgenyneu/Cosmos.git";
			requirement = {
				kind = upToNextMajorVersion;
				minimumVersion = 25.0.1;
			};
		};
/* End XCRemoteSwiftPackageReference section */

/* Begin XCSwiftPackageProductDependency section */
		EFC8FA9B2C01D34300178594 /* Kingfisher */ = {
			isa = XCSwiftPackageProductDependency;
			package = EFC8FA9A2C01D34300178594 /* XCRemoteSwiftPackageReference "Kingfisher" */;
			productName = Kingfisher;
		};
		EFC8FAC82C04998F00178594 /* Cosmos */ = {
			isa = XCSwiftPackageProductDependency;
			package = EFC8FAC72C04998F00178594 /* XCRemoteSwiftPackageReference "Cosmos" */;
			productName = Cosmos;
		};
/* End XCSwiftPackageProductDependency section */
	};
	rootObject = EFC8FA752C01BF9600178594 /* Project object */;
}
